// !$*UTF8*$!
{
	archiveVersion = 1;
	classes = {
	};
	objectVersion = 45;
	objects = {

/* Begin PBXBuildFile section */
		1D3623260D0F684500981E51 /* NGMoviePlayerDemoAppDelegate.m in Sources */ = {isa = PBXBuildFile; fileRef = 1D3623250D0F684500981E51 /* NGMoviePlayerDemoAppDelegate.m */; };
		1D60589B0D05DD56006BFB54 /* main.m in Sources */ = {isa = PBXBuildFile; fileRef = 29B97316FDCFA39411CA2CEA /* main.m */; };
		1D60589F0D05DD5A006BFB54 /* Foundation.framework in Frameworks */ = {isa = PBXBuildFile; fileRef = 1D30AB110D05D00D00671497 /* Foundation.framework */; };
		1DF5F4E00D08C38300B7A737 /* UIKit.framework in Frameworks */ = {isa = PBXBuildFile; fileRef = 1DF5F4DF0D08C38300B7A737 /* UIKit.framework */; };
		288765A50DF7441C002DB57D /* CoreGraphics.framework in Frameworks */ = {isa = PBXBuildFile; fileRef = 288765A40DF7441C002DB57D /* CoreGraphics.framework */; };
		2899E5220DE3E06400AC0155 /* NGMoviePlayerDemoViewController.xib in Resources */ = {isa = PBXBuildFile; fileRef = 2899E5210DE3E06400AC0155 /* NGMoviePlayerDemoViewController.xib */; };
		28AD733F0D9D9553002E5188 /* MainWindow.xib in Resources */ = {isa = PBXBuildFile; fileRef = 28AD733E0D9D9553002E5188 /* MainWindow.xib */; };
		28D7ACF80DDB3853001CB0EB /* NGMoviePlayerDemoViewController.m in Sources */ = {isa = PBXBuildFile; fileRef = 28D7ACF70DDB3853001CB0EB /* NGMoviePlayerDemoViewController.m */; };
		841ADD26121C73B200318CCD /* NGMoviePlayerLowerControlsView.m in Sources */ = {isa = PBXBuildFile; fileRef = 841ADD21121C73B200318CCD /* NGMoviePlayerLowerControlsView.m */; };
		841ADD27121C73B200318CCD /* NGMoviePlayerUpperControlsView.m in Sources */ = {isa = PBXBuildFile; fileRef = 841ADD23121C73B200318CCD /* NGMoviePlayerUpperControlsView.m */; };
		841ADD28121C73B200318CCD /* NGMoviePlayerViewController.m in Sources */ = {isa = PBXBuildFile; fileRef = 841ADD25121C73B200318CCD /* NGMoviePlayerViewController.m */; };
		841ADD36121C755600318CCD /* movie_done.png in Resources */ = {isa = PBXBuildFile; fileRef = 841ADD2A121C755600318CCD /* movie_done.png */; };
		841ADD37121C755600318CCD /* movie_done@2x.png in Resources */ = {isa = PBXBuildFile; fileRef = 841ADD2B121C755600318CCD /* movie_done@2x.png */; };
		841ADD38121C755600318CCD /* movie_fastforward.png in Resources */ = {isa = PBXBuildFile; fileRef = 841ADD2C121C755600318CCD /* movie_fastforward.png */; };
		841ADD39121C755600318CCD /* movie_fastforward@2x.png in Resources */ = {isa = PBXBuildFile; fileRef = 841ADD2D121C755600318CCD /* movie_fastforward@2x.png */; };
		841ADD3A121C755600318CCD /* movie_lower-controls_background.png in Resources */ = {isa = PBXBuildFile; fileRef = 841ADD2E121C755600318CCD /* movie_lower-controls_background.png */; };
		841ADD3B121C755600318CCD /* movie_lower-controls_background@2x.png in Resources */ = {isa = PBXBuildFile; fileRef = 841ADD2F121C755600318CCD /* movie_lower-controls_background@2x.png */; };
		841ADD3C121C755600318CCD /* movie_pause.png in Resources */ = {isa = PBXBuildFile; fileRef = 841ADD30121C755600318CCD /* movie_pause.png */; };
		841ADD3D121C755600318CCD /* movie_pause@2x.png in Resources */ = {isa = PBXBuildFile; fileRef = 841ADD31121C755600318CCD /* movie_pause@2x.png */; };
		841ADD3E121C755600318CCD /* movie_play.png in Resources */ = {isa = PBXBuildFile; fileRef = 841ADD32121C755600318CCD /* movie_play.png */; };
		841ADD3F121C755600318CCD /* movie_play@2x.png in Resources */ = {isa = PBXBuildFile; fileRef = 841ADD33121C755600318CCD /* movie_play@2x.png */; };
		841ADD40121C755600318CCD /* movie_rewind.png in Resources */ = {isa = PBXBuildFile; fileRef = 841ADD34121C755600318CCD /* movie_rewind.png */; };
		841ADD41121C755600318CCD /* movie_rewind@2x.png in Resources */ = {isa = PBXBuildFile; fileRef = 841ADD35121C755600318CCD /* movie_rewind@2x.png */; };
		841ADD43121C75A400318CCD /* AVFoundation.framework in Frameworks */ = {isa = PBXBuildFile; fileRef = 841ADD42121C75A400318CCD /* AVFoundation.framework */; };
		841ADD77121C75FB00318CCD /* CoreMedia.framework in Frameworks */ = {isa = PBXBuildFile; fileRef = 841ADD76121C75FB00318CCD /* CoreMedia.framework */; };
		841ADD95121C762F00318CCD /* NGMoviePlayer.xib in Resources */ = {isa = PBXBuildFile; fileRef = 841ADD94121C762F00318CCD /* NGMoviePlayer.xib */; };
		84A921C4121CDFBF0098685B /* movie_upper-controls_background.png in Resources */ = {isa = PBXBuildFile; fileRef = 84A921C2121CDFBF0098685B /* movie_upper-controls_background.png */; };
		84A921C5121CDFBF0098685B /* movie_upper-controls_background@2x.png in Resources */ = {isa = PBXBuildFile; fileRef = 84A921C3121CDFBF0098685B /* movie_upper-controls_background@2x.png */; };
/* End PBXBuildFile section */

/* Begin PBXFileReference section */
		1D30AB110D05D00D00671497 /* Foundation.framework */ = {isa = PBXFileReference; lastKnownFileType = wrapper.framework; name = Foundation.framework; path = System/Library/Frameworks/Foundation.framework; sourceTree = SDKROOT; };
		1D3623240D0F684500981E51 /* NGMoviePlayerDemoAppDelegate.h */ = {isa = PBXFileReference; fileEncoding = 4; lastKnownFileType = sourcecode.c.h; path = NGMoviePlayerDemoAppDelegate.h; sourceTree = "<group>"; };
		1D3623250D0F684500981E51 /* NGMoviePlayerDemoAppDelegate.m */ = {isa = PBXFileReference; fileEncoding = 4; lastKnownFileType = sourcecode.c.objc; path = NGMoviePlayerDemoAppDelegate.m; sourceTree = "<group>"; };
		1D6058910D05DD3D006BFB54 /* NGMoviePlayerDemo.app */ = {isa = PBXFileReference; explicitFileType = wrapper.application; includeInIndex = 0; path = NGMoviePlayerDemo.app; sourceTree = BUILT_PRODUCTS_DIR; };
		1DF5F4DF0D08C38300B7A737 /* UIKit.framework */ = {isa = PBXFileReference; lastKnownFileType = wrapper.framework; name = UIKit.framework; path = System/Library/Frameworks/UIKit.framework; sourceTree = SDKROOT; };
		288765A40DF7441C002DB57D /* CoreGraphics.framework */ = {isa = PBXFileReference; lastKnownFileType = wrapper.framework; name = CoreGraphics.framework; path = System/Library/Frameworks/CoreGraphics.framework; sourceTree = SDKROOT; };
		2899E5210DE3E06400AC0155 /* NGMoviePlayerDemoViewController.xib */ = {isa = PBXFileReference; lastKnownFileType = file.xib; path = NGMoviePlayerDemoViewController.xib; sourceTree = "<group>"; };
		28AD733E0D9D9553002E5188 /* MainWindow.xib */ = {isa = PBXFileReference; lastKnownFileType = file.xib; path = MainWindow.xib; sourceTree = "<group>"; };
		28D7ACF60DDB3853001CB0EB /* NGMoviePlayerDemoViewController.h */ = {isa = PBXFileReference; fileEncoding = 4; lastKnownFileType = sourcecode.c.h; path = NGMoviePlayerDemoViewController.h; sourceTree = "<group>"; };
		28D7ACF70DDB3853001CB0EB /* NGMoviePlayerDemoViewController.m */ = {isa = PBXFileReference; fileEncoding = 4; lastKnownFileType = sourcecode.c.objc; path = NGMoviePlayerDemoViewController.m; sourceTree = "<group>"; };
		29B97316FDCFA39411CA2CEA /* main.m */ = {isa = PBXFileReference; fileEncoding = 4; lastKnownFileType = sourcecode.c.objc; path = main.m; sourceTree = "<group>"; };
		32CA4F630368D1EE00C91783 /* NGMoviePlayerDemo_Prefix.pch */ = {isa = PBXFileReference; fileEncoding = 4; lastKnownFileType = sourcecode.c.h; path = NGMoviePlayerDemo_Prefix.pch; sourceTree = "<group>"; };
		841ADD20121C73B200318CCD /* NGMoviePlayerLowerControlsView.h */ = {isa = PBXFileReference; fileEncoding = 4; lastKnownFileType = sourcecode.c.h; path = NGMoviePlayerLowerControlsView.h; sourceTree = "<group>"; };
		841ADD21121C73B200318CCD /* NGMoviePlayerLowerControlsView.m */ = {isa = PBXFileReference; fileEncoding = 4; lastKnownFileType = sourcecode.c.objc; path = NGMoviePlayerLowerControlsView.m; sourceTree = "<group>"; };
		841ADD22121C73B200318CCD /* NGMoviePlayerUpperControlsView.h */ = {isa = PBXFileReference; fileEncoding = 4; lastKnownFileType = sourcecode.c.h; path = NGMoviePlayerUpperControlsView.h; sourceTree = "<group>"; };
		841ADD23121C73B200318CCD /* NGMoviePlayerUpperControlsView.m */ = {isa = PBXFileReference; fileEncoding = 4; lastKnownFileType = sourcecode.c.objc; path = NGMoviePlayerUpperControlsView.m; sourceTree = "<group>"; };
		841ADD24121C73B200318CCD /* NGMoviePlayerViewController.h */ = {isa = PBXFileReference; fileEncoding = 4; lastKnownFileType = sourcecode.c.h; path = NGMoviePlayerViewController.h; sourceTree = "<group>"; };
		841ADD25121C73B200318CCD /* NGMoviePlayerViewController.m */ = {isa = PBXFileReference; fileEncoding = 4; lastKnownFileType = sourcecode.c.objc; path = NGMoviePlayerViewController.m; sourceTree = "<group>"; };
		841ADD2A121C755600318CCD /* movie_done.png */ = {isa = PBXFileReference; lastKnownFileType = image.png; path = movie_done.png; sourceTree = "<group>"; };
		841ADD2B121C755600318CCD /* movie_done@2x.png */ = {isa = PBXFileReference; lastKnownFileType = image.png; path = "movie_done@2x.png"; sourceTree = "<group>"; };
		841ADD2C121C755600318CCD /* movie_fastforward.png */ = {isa = PBXFileReference; lastKnownFileType = image.png; path = movie_fastforward.png; sourceTree = "<group>"; };
		841ADD2D121C755600318CCD /* movie_fastforward@2x.png */ = {isa = PBXFileReference; lastKnownFileType = image.png; path = "movie_fastforward@2x.png"; sourceTree = "<group>"; };
		841ADD2E121C755600318CCD /* movie_lower-controls_background.png */ = {isa = PBXFileReference; lastKnownFileType = image.png; path = "movie_lower-controls_background.png"; sourceTree = "<group>"; };
		841ADD2F121C755600318CCD /* movie_lower-controls_background@2x.png */ = {isa = PBXFileReference; lastKnownFileType = image.png; path = "movie_lower-controls_background@2x.png"; sourceTree = "<group>"; };
		841ADD30121C755600318CCD /* movie_pause.png */ = {isa = PBXFileReference; lastKnownFileType = image.png; path = movie_pause.png; sourceTree = "<group>"; };
		841ADD31121C755600318CCD /* movie_pause@2x.png */ = {isa = PBXFileReference; lastKnownFileType = image.png; path = "movie_pause@2x.png"; sourceTree = "<group>"; };
		841ADD32121C755600318CCD /* movie_play.png */ = {isa = PBXFileReference; lastKnownFileType = image.png; path = movie_play.png; sourceTree = "<group>"; };
		841ADD33121C755600318CCD /* movie_play@2x.png */ = {isa = PBXFileReference; lastKnownFileType = image.png; path = "movie_play@2x.png"; sourceTree = "<group>"; };
		841ADD34121C755600318CCD /* movie_rewind.png */ = {isa = PBXFileReference; lastKnownFileType = image.png; path = movie_rewind.png; sourceTree = "<group>"; };
		841ADD35121C755600318CCD /* movie_rewind@2x.png */ = {isa = PBXFileReference; lastKnownFileType = image.png; path = "movie_rewind@2x.png"; sourceTree = "<group>"; };
		841ADD42121C75A400318CCD /* AVFoundation.framework */ = {isa = PBXFileReference; lastKnownFileType = wrapper.framework; name = AVFoundation.framework; path = System/Library/Frameworks/AVFoundation.framework; sourceTree = SDKROOT; };
		841ADD76121C75FB00318CCD /* CoreMedia.framework */ = {isa = PBXFileReference; lastKnownFileType = wrapper.framework; name = CoreMedia.framework; path = System/Library/Frameworks/CoreMedia.framework; sourceTree = SDKROOT; };
		841ADD94121C762F00318CCD /* NGMoviePlayer.xib */ = {isa = PBXFileReference; lastKnownFileType = file.xib; path = NGMoviePlayer.xib; sourceTree = "<group>"; };
		84A921C2121CDFBF0098685B /* movie_upper-controls_background.png */ = {isa = PBXFileReference; lastKnownFileType = image.png; path = "movie_upper-controls_background.png"; sourceTree = "<group>"; };
		84A921C3121CDFBF0098685B /* movie_upper-controls_background@2x.png */ = {isa = PBXFileReference; lastKnownFileType = image.png; path = "movie_upper-controls_background@2x.png"; sourceTree = "<group>"; };
		8D1107310486CEB800E47090 /* NGMoviePlayerDemo-Info.plist */ = {isa = PBXFileReference; fileEncoding = 4; lastKnownFileType = text.plist.xml; path = "NGMoviePlayerDemo-Info.plist"; plistStructureDefinitionIdentifier = "com.apple.xcode.plist.structure-definition.iphone.info-plist"; sourceTree = "<group>"; };
/* End PBXFileReference section */

/* Begin PBXFrameworksBuildPhase section */
		1D60588F0D05DD3D006BFB54 /* Frameworks */ = {
			isa = PBXFrameworksBuildPhase;
			buildActionMask = 2147483647;
			files = (
				1D60589F0D05DD5A006BFB54 /* Foundation.framework in Frameworks */,
				1DF5F4E00D08C38300B7A737 /* UIKit.framework in Frameworks */,
				288765A50DF7441C002DB57D /* CoreGraphics.framework in Frameworks */,
				841ADD43121C75A400318CCD /* AVFoundation.framework in Frameworks */,
				841ADD77121C75FB00318CCD /* CoreMedia.framework in Frameworks */,
			);
			runOnlyForDeploymentPostprocessing = 0;
		};
/* End PBXFrameworksBuildPhase section */

/* Begin PBXGroup section */
		080E96DDFE201D6D7F000001 /* Classes */ = {
			isa = PBXGroup;
			children = (
				1D3623240D0F684500981E51 /* NGMoviePlayerDemoAppDelegate.h */,
				1D3623250D0F684500981E51 /* NGMoviePlayerDemoAppDelegate.m */,
				28D7ACF60DDB3853001CB0EB /* NGMoviePlayerDemoViewController.h */,
				28D7ACF70DDB3853001CB0EB /* NGMoviePlayerDemoViewController.m */,
				841ADD1E121C739E00318CCD /* NGMoviePlayer */,
			);
			path = Classes;
			sourceTree = "<group>";
		};
		19C28FACFE9D520D11CA2CBB /* Products */ = {
			isa = PBXGroup;
			children = (
				1D6058910D05DD3D006BFB54 /* NGMoviePlayerDemo.app */,
			);
			name = Products;
			sourceTree = "<group>";
		};
		29B97314FDCFA39411CA2CEA /* CustomTemplate */ = {
			isa = PBXGroup;
			children = (
				080E96DDFE201D6D7F000001 /* Classes */,
				29B97315FDCFA39411CA2CEA /* Other Sources */,
				29B97317FDCFA39411CA2CEA /* Resources */,
				29B97323FDCFA39411CA2CEA /* Frameworks */,
				19C28FACFE9D520D11CA2CBB /* Products */,
			);
			name = CustomTemplate;
			sourceTree = "<group>";
		};
		29B97315FDCFA39411CA2CEA /* Other Sources */ = {
			isa = PBXGroup;
			children = (
				32CA4F630368D1EE00C91783 /* NGMoviePlayerDemo_Prefix.pch */,
				29B97316FDCFA39411CA2CEA /* main.m */,
			);
			name = "Other Sources";
			sourceTree = "<group>";
		};
		29B97317FDCFA39411CA2CEA /* Resources */ = {
			isa = PBXGroup;
			children = (
				841ADD94121C762F00318CCD /* NGMoviePlayer.xib */,
				2899E5210DE3E06400AC0155 /* NGMoviePlayerDemoViewController.xib */,
				28AD733E0D9D9553002E5188 /* MainWindow.xib */,
				8D1107310486CEB800E47090 /* NGMoviePlayerDemo-Info.plist */,
				841ADD29121C755600318CCD /* Graphics */,
			);
			name = Resources;
			sourceTree = "<group>";
		};
		29B97323FDCFA39411CA2CEA /* Frameworks */ = {
			isa = PBXGroup;
			children = (
				841ADD42121C75A400318CCD /* AVFoundation.framework */,
				841ADD76121C75FB00318CCD /* CoreMedia.framework */,
				1DF5F4DF0D08C38300B7A737 /* UIKit.framework */,
				1D30AB110D05D00D00671497 /* Foundation.framework */,
				288765A40DF7441C002DB57D /* CoreGraphics.framework */,
			);
			name = Frameworks;
			sourceTree = "<group>";
		};
		841ADD1E121C739E00318CCD /* NGMoviePlayer */ = {
			isa = PBXGroup;
			children = (
				841ADD24121C73B200318CCD /* NGMoviePlayerViewController.h */,
				841ADD25121C73B200318CCD /* NGMoviePlayerViewController.m */,
				841ADD22121C73B200318CCD /* NGMoviePlayerUpperControlsView.h */,
				841ADD23121C73B200318CCD /* NGMoviePlayerUpperControlsView.m */,
				841ADD20121C73B200318CCD /* NGMoviePlayerLowerControlsView.h */,
				841ADD21121C73B200318CCD /* NGMoviePlayerLowerControlsView.m */,
			);
			name = NGMoviePlayer;
			sourceTree = "<group>";
		};
		841ADD29121C755600318CCD /* Graphics */ = {
			isa = PBXGroup;
			children = (
				841ADD2A121C755600318CCD /* movie_done.png */,
				841ADD2B121C755600318CCD /* movie_done@2x.png */,
				841ADD2C121C755600318CCD /* movie_fastforward.png */,
				841ADD2D121C755600318CCD /* movie_fastforward@2x.png */,
				841ADD2E121C755600318CCD /* movie_lower-controls_background.png */,
				841ADD2F121C755600318CCD /* movie_lower-controls_background@2x.png */,
				841ADD30121C755600318CCD /* movie_pause.png */,
				841ADD31121C755600318CCD /* movie_pause@2x.png */,
				841ADD32121C755600318CCD /* movie_play.png */,
				841ADD33121C755600318CCD /* movie_play@2x.png */,
				841ADD34121C755600318CCD /* movie_rewind.png */,
				841ADD35121C755600318CCD /* movie_rewind@2x.png */,
				84A921C2121CDFBF0098685B /* movie_upper-controls_background.png */,
				84A921C3121CDFBF0098685B /* movie_upper-controls_background@2x.png */,
			);
			name = Graphics;
			path = Resources/Graphics;
			sourceTree = "<group>";
		};
/* End PBXGroup section */

/* Begin PBXNativeTarget section */
		1D6058900D05DD3D006BFB54 /* NGMoviePlayerDemo */ = {
			isa = PBXNativeTarget;
			buildConfigurationList = 1D6058960D05DD3E006BFB54 /* Build configuration list for PBXNativeTarget "NGMoviePlayerDemo" */;
			buildPhases = (
				1D60588D0D05DD3D006BFB54 /* Resources */,
				1D60588E0D05DD3D006BFB54 /* Sources */,
				1D60588F0D05DD3D006BFB54 /* Frameworks */,
			);
			buildRules = (
			);
			dependencies = (
			);
			name = NGMoviePlayerDemo;
			productName = NGMoviePlayerDemo;
			productReference = 1D6058910D05DD3D006BFB54 /* NGMoviePlayerDemo.app */;
			productType = "com.apple.product-type.application";
		};
/* End PBXNativeTarget section */

/* Begin PBXProject section */
		29B97313FDCFA39411CA2CEA /* Project object */ = {
			isa = PBXProject;
			buildConfigurationList = C01FCF4E08A954540054247B /* Build configuration list for PBXProject "NGMoviePlayerDemo" */;
			compatibilityVersion = "Xcode 3.1";
			hasScannedForEncodings = 1;
			mainGroup = 29B97314FDCFA39411CA2CEA /* CustomTemplate */;
			projectDirPath = "";
			projectRoot = "";
			targets = (
				1D6058900D05DD3D006BFB54 /* NGMoviePlayerDemo */,
			);
		};
/* End PBXProject section */

/* Begin PBXResourcesBuildPhase section */
		1D60588D0D05DD3D006BFB54 /* Resources */ = {
			isa = PBXResourcesBuildPhase;
			buildActionMask = 2147483647;
			files = (
				28AD733F0D9D9553002E5188 /* MainWindow.xib in Resources */,
				2899E5220DE3E06400AC0155 /* NGMoviePlayerDemoViewController.xib in Resources */,
				841ADD36121C755600318CCD /* movie_done.png in Resources */,
				841ADD37121C755600318CCD /* movie_done@2x.png in Resources */,
				841ADD38121C755600318CCD /* movie_fastforward.png in Resources */,
				841ADD39121C755600318CCD /* movie_fastforward@2x.png in Resources */,
				841ADD3A121C755600318CCD /* movie_lower-controls_background.png in Resources */,
				841ADD3B121C755600318CCD /* movie_lower-controls_background@2x.png in Resources */,
				841ADD3C121C755600318CCD /* movie_pause.png in Resources */,
				841ADD3D121C755600318CCD /* movie_pause@2x.png in Resources */,
				841ADD3E121C755600318CCD /* movie_play.png in Resources */,
				841ADD3F121C755600318CCD /* movie_play@2x.png in Resources */,
				841ADD40121C755600318CCD /* movie_rewind.png in Resources */,
				841ADD41121C755600318CCD /* movie_rewind@2x.png in Resources */,
				841ADD95121C762F00318CCD /* NGMoviePlayer.xib in Resources */,
				84A921C4121CDFBF0098685B /* movie_upper-controls_background.png in Resources */,
				84A921C5121CDFBF0098685B /* movie_upper-controls_background@2x.png in Resources */,
			);
			runOnlyForDeploymentPostprocessing = 0;
		};
/* End PBXResourcesBuildPhase section */

/* Begin PBXSourcesBuildPhase section */
		1D60588E0D05DD3D006BFB54 /* Sources */ = {
			isa = PBXSourcesBuildPhase;
			buildActionMask = 2147483647;
			files = (
				1D60589B0D05DD56006BFB54 /* main.m in Sources */,
				1D3623260D0F684500981E51 /* NGMoviePlayerDemoAppDelegate.m in Sources */,
				28D7ACF80DDB3853001CB0EB /* NGMoviePlayerDemoViewController.m in Sources */,
				841ADD26121C73B200318CCD /* NGMoviePlayerLowerControlsView.m in Sources */,
				841ADD27121C73B200318CCD /* NGMoviePlayerUpperControlsView.m in Sources */,
				841ADD28121C73B200318CCD /* NGMoviePlayerViewController.m in Sources */,
			);
			runOnlyForDeploymentPostprocessing = 0;
		};
/* End PBXSourcesBuildPhase section */

/* Begin XCBuildConfiguration section */
		1D6058940D05DD3E006BFB54 /* Debug */ = {
			isa = XCBuildConfiguration;
			buildSettings = {
				ALWAYS_SEARCH_USER_PATHS = NO;
				COPY_PHASE_STRIP = NO;
				GCC_DYNAMIC_NO_PIC = NO;
				GCC_OPTIMIZATION_LEVEL = 0;
				GCC_PRECOMPILE_PREFIX_HEADER = YES;
				GCC_PREFIX_HEADER = NGMoviePlayerDemo_Prefix.pch;
				INFOPLIST_FILE = "NGMoviePlayerDemo-Info.plist";
				PRODUCT_NAME = NGMoviePlayerDemo;
			};
			name = Debug;
		};
		1D6058950D05DD3E006BFB54 /* Release */ = {
			isa = XCBuildConfiguration;
			buildSettings = {
				ALWAYS_SEARCH_USER_PATHS = NO;
				COPY_PHASE_STRIP = YES;
				GCC_PRECOMPILE_PREFIX_HEADER = YES;
				GCC_PREFIX_HEADER = NGMoviePlayerDemo_Prefix.pch;
				INFOPLIST_FILE = "NGMoviePlayerDemo-Info.plist";
				PRODUCT_NAME = NGMoviePlayerDemo;
				VALIDATE_PRODUCT = YES;
			};
			name = Release;
		};
		C01FCF4F08A954540054247B /* Debug */ = {
			isa = XCBuildConfiguration;
			buildSettings = {
				ARCHS = "$(ARCHS_STANDARD_32_BIT)";
				"CODE_SIGN_IDENTITY[sdk=iphoneos*]" = "iPhone Developer";
				GCC_C_LANGUAGE_STANDARD = c99;
				GCC_WARN_ABOUT_RETURN_TYPE = YES;
				GCC_WARN_UNUSED_VARIABLE = YES;
				PREBINDING = NO;
				SDKROOT = iphoneos4.0;
			};
			name = Debug;
		};
		C01FCF5008A954540054247B /* Release */ = {
			isa = XCBuildConfiguration;
			buildSettings = {
				ARCHS = "$(ARCHS_STANDARD_32_BIT)";
				"CODE_SIGN_IDENTITY[sdk=iphoneos*]" = "iPhone Developer";
				GCC_C_LANGUAGE_STANDARD = c99;
				GCC_WARN_ABOUT_RETURN_TYPE = YES;
				GCC_WARN_UNUSED_VARIABLE = YES;
				OTHER_CFLAGS = "-DNS_BLOCK_ASSERTIONS=1";
				PREBINDING = NO;
				SDKROOT = iphoneos4.0;
			};
			name = Release;
		};
/* End XCBuildConfiguration section */

/* Begin XCConfigurationList section */
		1D6058960D05DD3E006BFB54 /* Build configuration list for PBXNativeTarget "NGMoviePlayerDemo" */ = {
			isa = XCConfigurationList;
			buildConfigurations = (
				1D6058940D05DD3E006BFB54 /* Debug */,
				1D6058950D05DD3E006BFB54 /* Release */,
			);
			defaultConfigurationIsVisible = 0;
			defaultConfigurationName = Release;
		};
		C01FCF4E08A954540054247B /* Build configuration list for PBXProject "NGMoviePlayerDemo" */ = {
			isa = XCConfigurationList;
			buildConfigurations = (
				C01FCF4F08A954540054247B /* Debug */,
				C01FCF5008A954540054247B /* Release */,
			);
			defaultConfigurationIsVisible = 0;
			defaultConfigurationName = Release;
		};
/* End XCConfigurationList section */
	};
	rootObject = 29B97313FDCFA39411CA2CEA /* Project object */;
}
